
Microsoft Visual Studio Solution File, Format Version 12.00
# Visual Studio Version 17
VisualStudioVersion = 17.4.33205.214
MinimumVisualStudioVersion = 10.0.40219.1
Project("{FAE04EC0-301F-11D3-BF4B-00C04F79EFBC}") = "WindowsFormsApp1", "WindowsFormsApp1\WindowsFormsApp1.csproj", "{1CDFF0C7-7919-4AB9-A37C-01DA6DFA04FD}"
EndProject
Project("{FAE04EC0-301F-11D3-BF4B-00C04F79EFBC}") = "Practic4UnitTest", "Practic4UnitTest\Practic4UnitTest.csproj", "{7A2AB0A8-CB23-4453-9457-C230E3555F04}"
EndProject
Global
	GlobalSection(SolutionConfigurationPlatforms) = preSolution
		Debug|Any CPU = Debug|Any CPU
		Release|Any CPU = Release|Any CPU
	EndGlobalSection
	GlobalSection(ProjectConfigurationPlatforms) = postSolution
		{1CDFF0C7-7919-4AB9-A37C-01DA6DFA04FD}.Debug|Any CPU.ActiveCfg = Debug|Any CPU
		{1CDFF0C7-7919-4AB9-A37C-01DA6DFA04FD}.Debug|Any CPU.Build.0 = Debug|Any CPU
		{1CDFF0C7-7919-4AB9-A37C-01DA6DFA04FD}.Release|Any CPU.ActiveCfg = Release|Any CPU
		{1CDFF0C7-7919-4AB9-A37C-01DA6DFA04FD}.Release|Any CPU.Build.0 = Release|Any CPU
		{7A2AB0A8-CB23-4453-9457-C230E3555F04}.Debug|Any CPU.ActiveCfg = Debug|Any CPU
		{7A2AB0A8-CB23-4453-9457-C230E3555F04}.Debug|Any CPU.Build.0 = Debug|Any CPU
		{7A2AB0A8-CB23-4453-9457-C230E3555F04}.Release|Any CPU.ActiveCfg = Release|Any CPU
		{7A2AB0A8-CB23-4453-9457-C230E3555F04}.Release|Any CPU.Build.0 = Release|Any CPU
	EndGlobalSection
	GlobalSection(SolutionProperties) = preSolution
		HideSolutionNode = FALSE
	EndGlobalSection
	GlobalSection(ExtensibilityGlobals) = postSolution
		SolutionGuid = {2492D3D1-625C-487E-88DA-69A1B0385141}
	EndGlobalSection
EndGlobal
